
Microsoft Visual Studio Solution File, Format Version 12.00
# Visual Studio Version 17
VisualStudioVersion = 17.6.33829.357
MinimumVisualStudioVersion = 10.0.40219.1
Project("{FAE04EC0-301F-11D3-BF4B-00C04F79EFBC}") = "SwapClipboard", "SwapClipboard.csproj", "{3A03B3C8-56FE-4A40-A4BF-E3B5CB33C048}"
EndProject
Global
	GlobalSection(SolutionConfigurationPlatforms) = preSolution
		Debug|Any CPU = Debug|Any CPU
		Release|Any CPU = Release|Any CPU
	EndGlobalSection
	GlobalSection(ProjectConfigurationPlatforms) = postSolution
		{3A03B3C8-56FE-4A40-A4BF-E3B5CB33C048}.Debug|Any CPU.ActiveCfg = Debug|Any CPU
		{3A03B3C8-56FE-4A40-A4BF-E3B5CB33C048}.Debug|Any CPU.Build.0 = Debug|Any CPU
		{3A03B3C8-56FE-4A40-A4BF-E3B5CB33C048}.Release|Any CPU.ActiveCfg = Release|Any CPU
		{3A03B3C8-56FE-4A40-A4BF-E3B5CB33C048}.Release|Any CPU.Build.0 = Release|Any CPU
	EndGlobalSection
	GlobalSection(SolutionProperties) = preSolution
		HideSolutionNode = FALSE
	EndGlobalSection
	GlobalSection(ExtensibilityGlobals) = postSolution
		SolutionGuid = {54AA1BDA-1DD5-4A19-887B-28FD3532CE46}
	EndGlobalSection
EndGlobal
